
Microsoft Visual Studio Solution File, Format Version 12.00
# Visual Studio 15
VisualStudioVersion = 15.0.28307.421
MinimumVisualStudioVersion = 10.0.40219.1
Project("{FAE04EC0-301F-11D3-BF4B-00C04F79EFBC}") = "Quiz_co.Web", "Quiz_co.Web\Quiz_co.Web.csproj", "{AE9F0E06-457B-44E3-8D89-E65063F99780}"
EndProject
Project("{FAE04EC0-301F-11D3-BF4B-00C04F79EFBC}") = "Quiz_co.Domain", "Quiz_co.Domain\Quiz_co.Domain.csproj", "{5F15482D-8837-465A-8AEE-01585D4435FD}"
EndProject
Project("{FAE04EC0-301F-11D3-BF4B-00C04F79EFBC}") = "Quiz_co.DataAccess", "Quiz_co.DataAccess\Quiz_co.DataAccess.csproj", "{51CDFAC6-34DA-4951-A9E9-BDBCE4C3A2F2}"
EndProject
Project("{FAE04EC0-301F-11D3-BF4B-00C04F79EFBC}") = "Quiz_co.ViewModels", "Quiz_co.ViewModels\Quiz_co.ViewModels.csproj", "{DDFA5002-3131-4094-960A-611120CD384F}"
EndProject
Project("{FAE04EC0-301F-11D3-BF4B-00C04F79EFBC}") = "Quiz_co.Services", "Quiz_co.Services\Quiz_co.Services.csproj", "{49CAB976-9C0A-480A-9C44-ACD9CACB3A17}"
EndProject
Global
	GlobalSection(SolutionConfigurationPlatforms) = preSolution
		Debug|Any CPU = Debug|Any CPU
		Release|Any CPU = Release|Any CPU
	EndGlobalSection
	GlobalSection(ProjectConfigurationPlatforms) = postSolution
		{AE9F0E06-457B-44E3-8D89-E65063F99780}.Debug|Any CPU.ActiveCfg = Debug|Any CPU
		{AE9F0E06-457B-44E3-8D89-E65063F99780}.Debug|Any CPU.Build.0 = Debug|Any CPU
		{AE9F0E06-457B-44E3-8D89-E65063F99780}.Release|Any CPU.ActiveCfg = Release|Any CPU
		{AE9F0E06-457B-44E3-8D89-E65063F99780}.Release|Any CPU.Build.0 = Release|Any CPU
		{5F15482D-8837-465A-8AEE-01585D4435FD}.Debug|Any CPU.ActiveCfg = Debug|Any CPU
		{5F15482D-8837-465A-8AEE-01585D4435FD}.Debug|Any CPU.Build.0 = Debug|Any CPU
		{5F15482D-8837-465A-8AEE-01585D4435FD}.Release|Any CPU.ActiveCfg = Release|Any CPU
		{5F15482D-8837-465A-8AEE-01585D4435FD}.Release|Any CPU.Build.0 = Release|Any CPU
		{51CDFAC6-34DA-4951-A9E9-BDBCE4C3A2F2}.Debug|Any CPU.ActiveCfg = Debug|Any CPU
		{51CDFAC6-34DA-4951-A9E9-BDBCE4C3A2F2}.Debug|Any CPU.Build.0 = Debug|Any CPU
		{51CDFAC6-34DA-4951-A9E9-BDBCE4C3A2F2}.Release|Any CPU.ActiveCfg = Release|Any CPU
		{51CDFAC6-34DA-4951-A9E9-BDBCE4C3A2F2}.Release|Any CPU.Build.0 = Release|Any CPU
		{DDFA5002-3131-4094-960A-611120CD384F}.Debug|Any CPU.ActiveCfg = Debug|Any CPU
		{DDFA5002-3131-4094-960A-611120CD384F}.Debug|Any CPU.Build.0 = Debug|Any CPU
		{DDFA5002-3131-4094-960A-611120CD384F}.Release|Any CPU.ActiveCfg = Release|Any CPU
		{DDFA5002-3131-4094-960A-611120CD384F}.Release|Any CPU.Build.0 = Release|Any CPU
		{49CAB976-9C0A-480A-9C44-ACD9CACB3A17}.Debug|Any CPU.ActiveCfg = Debug|Any CPU
		{49CAB976-9C0A-480A-9C44-ACD9CACB3A17}.Debug|Any CPU.Build.0 = Debug|Any CPU
		{49CAB976-9C0A-480A-9C44-ACD9CACB3A17}.Release|Any CPU.ActiveCfg = Release|Any CPU
		{49CAB976-9C0A-480A-9C44-ACD9CACB3A17}.Release|Any CPU.Build.0 = Release|Any CPU
	EndGlobalSection
	GlobalSection(SolutionProperties) = preSolution
		HideSolutionNode = FALSE
	EndGlobalSection
	GlobalSection(ExtensibilityGlobals) = postSolution
		SolutionGuid = {06226FF8-5916-4835-8AE9-3AA6A7211CB0}
	EndGlobalSection
EndGlobal
